
Microsoft Visual Studio Solution File, Format Version 12.00
# Visual Studio 15
VisualStudioVersion = 15.0.28010.2050
MinimumVisualStudioVersion = 10.0.40219.1
Project("{FAE04EC0-301F-11D3-BF4B-00C04F79EFBC}") = "Library", "Library\Library.csproj", "{C1624752-6616-4C85-A95E-6AAA031C59D1}"
EndProject
Global
	GlobalSection(SolutionConfigurationPlatforms) = preSolution
		Debug|Any CPU = Debug|Any CPU
		Release|Any CPU = Release|Any CPU
	EndGlobalSection
	GlobalSection(ProjectConfigurationPlatforms) = postSolution
		{C1624752-6616-4C85-A95E-6AAA031C59D1}.Debug|Any CPU.ActiveCfg = Debug|Any CPU
		{C1624752-6616-4C85-A95E-6AAA031C59D1}.Debug|Any CPU.Build.0 = Debug|Any CPU
		{C1624752-6616-4C85-A95E-6AAA031C59D1}.Release|Any CPU.ActiveCfg = Release|Any CPU
		{C1624752-6616-4C85-A95E-6AAA031C59D1}.Release|Any CPU.Build.0 = Release|Any CPU
	EndGlobalSection
	GlobalSection(SolutionProperties) = preSolution
		HideSolutionNode = FALSE
	EndGlobalSection
	GlobalSection(ExtensibilityGlobals) = postSolution
		SolutionGuid = {DD4726C1-DBB1-4F68-AE0D-035D73F73D36}
	EndGlobalSection
EndGlobal
