
Microsoft Visual Studio Solution File, Format Version 12.00
# Visual Studio 15
VisualStudioVersion = 15.0.28010.2050
MinimumVisualStudioVersion = 10.0.40219.1
Project("{FAE04EC0-301F-11D3-BF4B-00C04F79EFBC}") = "Model", "Model\Model.csproj", "{BF5474C6-8FBD-4F5A-91F9-AB74A16C8727}"
EndProject
Project("{FAE04EC0-301F-11D3-BF4B-00C04F79EFBC}") = "Controller - Vue", "Vue\Controller - Vue.csproj", "{14CE8926-C045-4D34-90C3-53BAC308D869}"
EndProject
Global
	GlobalSection(SolutionConfigurationPlatforms) = preSolution
		Debug|Any CPU = Debug|Any CPU
		Release|Any CPU = Release|Any CPU
	EndGlobalSection
	GlobalSection(ProjectConfigurationPlatforms) = postSolution
		{BF5474C6-8FBD-4F5A-91F9-AB74A16C8727}.Debug|Any CPU.ActiveCfg = Debug|Any CPU
		{BF5474C6-8FBD-4F5A-91F9-AB74A16C8727}.Debug|Any CPU.Build.0 = Debug|Any CPU
		{BF5474C6-8FBD-4F5A-91F9-AB74A16C8727}.Release|Any CPU.ActiveCfg = Release|Any CPU
		{BF5474C6-8FBD-4F5A-91F9-AB74A16C8727}.Release|Any CPU.Build.0 = Release|Any CPU
		{14CE8926-C045-4D34-90C3-53BAC308D869}.Debug|Any CPU.ActiveCfg = Debug|Any CPU
		{14CE8926-C045-4D34-90C3-53BAC308D869}.Debug|Any CPU.Build.0 = Debug|Any CPU
		{14CE8926-C045-4D34-90C3-53BAC308D869}.Release|Any CPU.ActiveCfg = Release|Any CPU
		{14CE8926-C045-4D34-90C3-53BAC308D869}.Release|Any CPU.Build.0 = Release|Any CPU
	EndGlobalSection
	GlobalSection(SolutionProperties) = preSolution
		HideSolutionNode = FALSE
	EndGlobalSection
	GlobalSection(ExtensibilityGlobals) = postSolution
		SolutionGuid = {E8A6824F-DABD-4A9E-B209-FD1E89BC1953}
	EndGlobalSection
EndGlobal
